Microsoft Visual Studio Solution File, Format Version 7.00
Project("{8BC9CEB8-8B4A-11D0-8D11-00A0C91BC942}") = "gltext", "gltext.vcproj", "{A737529C-8CC0-4303-BD76-071F2232C965}"
EndProject
Project("{8BC9CEB8-8B4A-11D0-8D11-00A0C91BC942}") = "example_sizes", "example_sizes.vcproj", "{AFE97A6E-60A0-4583-ADE3-79C6D8078439}"
EndProject
Project("{8BC9CEB8-8B4A-11D0-8D11-00A0C91BC942}") = "example_simple", "example_simple.vcproj", "{E111584B-A981-48C2-AAA5-1C2DD23B494B}"
EndProject
Global
	GlobalSection(SolutionConfiguration) = preSolution
		ConfigName.0 = Debug
		ConfigName.1 = Release
	EndGlobalSection
	GlobalSection(ProjectDependencies) = postSolution
		{AFE97A6E-60A0-4583-ADE3-79C6D8078439}.0 = {A737529C-8CC0-4303-BD76-071F2232C965}
		{E111584B-A981-48C2-AAA5-1C2DD23B494B}.0 = {A737529C-8CC0-4303-BD76-071F2232C965}
	EndGlobalSection
	GlobalSection(ProjectConfiguration) = postSolution
		{A737529C-8CC0-4303-BD76-071F2232C965}.Debug.ActiveCfg = Debug|Win32
		{A737529C-8CC0-4303-BD76-071F2232C965}.Debug.Build.0 = Debug|Win32
		{A737529C-8CC0-4303-BD76-071F2232C965}.Release.ActiveCfg = Release|Win32
		{A737529C-8CC0-4303-BD76-071F2232C965}.Release.Build.0 = Release|Win32
		{AFE97A6E-60A0-4583-ADE3-79C6D8078439}.Debug.ActiveCfg = Debug|Win32
		{AFE97A6E-60A0-4583-ADE3-79C6D8078439}.Debug.Build.0 = Debug|Win32
		{AFE97A6E-60A0-4583-ADE3-79C6D8078439}.Release.ActiveCfg = Release|Win32
		{AFE97A6E-60A0-4583-ADE3-79C6D8078439}.Release.Build.0 = Release|Win32
		{E111584B-A981-48C2-AAA5-1C2DD23B494B}.Debug.ActiveCfg = Debug|Win32
		{E111584B-A981-48C2-AAA5-1C2DD23B494B}.Debug.Build.0 = Debug|Win32
		{E111584B-A981-48C2-AAA5-1C2DD23B494B}.Release.ActiveCfg = Release|Win32
		{E111584B-A981-48C2-AAA5-1C2DD23B494B}.Release.Build.0 = Release|Win32
	EndGlobalSection
	GlobalSection(ExtensibilityGlobals) = postSolution
	EndGlobalSection
	GlobalSection(ExtensibilityAddIns) = postSolution
	EndGlobalSection
EndGlobal
