Microsoft Visual Studio Solution File, Format Version 7.00
Project("{8BC9CEB8-8B4A-11D0-8D11-00A0C91BC942}") = "gltext", "gltext.vcproj", "{C3BD8866-415F-4402-B5D9-1FC854C7E434}"
EndProject
Project("{8BC9CEB8-8B4A-11D0-8D11-00A0C91BC942}") = "example_alpha", "..\example_alpha\example_alpha.vcproj", "{5CBDFBBD-C5B2-4798-9BAF-93296F7AC9C4}"
EndProject
Project("{8BC9CEB8-8B4A-11D0-8D11-00A0C91BC942}") = "example_simple", "..\example_simple\example_simple.vcproj", "{8B9B1218-403E-4A51-AED5-3B5C66504118}"
EndProject
Project("{8BC9CEB8-8B4A-11D0-8D11-00A0C91BC942}") = "example_sizes", "..\example_sizes\example_sizes.vcproj", "{E04D3FB0-70CE-46E7-B9DF-31B8F7CAAA32}"
EndProject
Project("{8BC9CEB8-8B4A-11D0-8D11-00A0C91BC942}") = "example_fps", "..\example_fps\example_fps.vcproj", "{6BBD96D4-E8AB-4637-97D6-D0F20EF348D3}"
EndProject
Global
	GlobalSection(SolutionConfiguration) = preSolution
		ConfigName.0 = Debug
		ConfigName.1 = Release
	EndGlobalSection
	GlobalSection(ProjectDependencies) = postSolution
		{5CBDFBBD-C5B2-4798-9BAF-93296F7AC9C4}.0 = {C3BD8866-415F-4402-B5D9-1FC854C7E434}
		{8B9B1218-403E-4A51-AED5-3B5C66504118}.0 = {C3BD8866-415F-4402-B5D9-1FC854C7E434}
		{E04D3FB0-70CE-46E7-B9DF-31B8F7CAAA32}.0 = {C3BD8866-415F-4402-B5D9-1FC854C7E434}
		{6BBD96D4-E8AB-4637-97D6-D0F20EF348D3}.0 = {C3BD8866-415F-4402-B5D9-1FC854C7E434}
	EndGlobalSection
	GlobalSection(ProjectConfiguration) = postSolution
		{C3BD8866-415F-4402-B5D9-1FC854C7E434}.Debug.ActiveCfg = Debug|Win32
		{C3BD8866-415F-4402-B5D9-1FC854C7E434}.Debug.Build.0 = Debug|Win32
		{C3BD8866-415F-4402-B5D9-1FC854C7E434}.Release.ActiveCfg = Release|Win32
		{C3BD8866-415F-4402-B5D9-1FC854C7E434}.Release.Build.0 = Release|Win32
		{5CBDFBBD-C5B2-4798-9BAF-93296F7AC9C4}.Debug.ActiveCfg = Debug|Win32
		{5CBDFBBD-C5B2-4798-9BAF-93296F7AC9C4}.Debug.Build.0 = Debug|Win32
		{5CBDFBBD-C5B2-4798-9BAF-93296F7AC9C4}.Release.ActiveCfg = Release|Win32
		{5CBDFBBD-C5B2-4798-9BAF-93296F7AC9C4}.Release.Build.0 = Release|Win32
		{8B9B1218-403E-4A51-AED5-3B5C66504118}.Debug.ActiveCfg = Debug|Win32
		{8B9B1218-403E-4A51-AED5-3B5C66504118}.Debug.Build.0 = Debug|Win32
		{8B9B1218-403E-4A51-AED5-3B5C66504118}.Release.ActiveCfg = Release|Win32
		{8B9B1218-403E-4A51-AED5-3B5C66504118}.Release.Build.0 = Release|Win32
		{E04D3FB0-70CE-46E7-B9DF-31B8F7CAAA32}.Debug.ActiveCfg = Debug|Win32
		{E04D3FB0-70CE-46E7-B9DF-31B8F7CAAA32}.Debug.Build.0 = Debug|Win32
		{E04D3FB0-70CE-46E7-B9DF-31B8F7CAAA32}.Release.ActiveCfg = Release|Win32
		{E04D3FB0-70CE-46E7-B9DF-31B8F7CAAA32}.Release.Build.0 = Release|Win32
		{6BBD96D4-E8AB-4637-97D6-D0F20EF348D3}.Debug.ActiveCfg = Debug|Win32
		{6BBD96D4-E8AB-4637-97D6-D0F20EF348D3}.Debug.Build.0 = Debug|Win32
		{6BBD96D4-E8AB-4637-97D6-D0F20EF348D3}.Release.ActiveCfg = Release|Win32
		{6BBD96D4-E8AB-4637-97D6-D0F20EF348D3}.Release.Build.0 = Release|Win32
	EndGlobalSection
	GlobalSection(ExtensibilityGlobals) = postSolution
	EndGlobalSection
	GlobalSection(ExtensibilityAddIns) = postSolution
	EndGlobalSection
EndGlobal
